// !$*UTF8*$!
{
	archiveVersion = 1;
	classes = {
	};
	objectVersion = 50;
	objects = {

/* Begin PBXBuildFile section */
		282746AA215B22C4009448E8 /* AppDelegate.swift in Sources */ = {isa = PBXBuildFile; fileRef = 282746A9215B22C4009448E8 /* AppDelegate.swift */; };
		282746AC215B22C4009448E8 /* ViewController.swift in Sources */ = {isa = PBXBuildFile; fileRef = 282746AB215B22C4009448E8 /* ViewController.swift */; };
		282746AF215B22C4009448E8 /* Main.storyboard in Resources */ = {isa = PBXBuildFile; fileRef = 282746AD215B22C4009448E8 /* Main.storyboard */; };
		282746B1215B22C8009448E8 /* Assets.xcassets in Resources */ = {isa = PBXBuildFile; fileRef = 282746B0215B22C8009448E8 /* Assets.xcassets */; };
		282746B4215B22C8009448E8 /* LaunchScreen.storyboard in Resources */ = {isa = PBXBuildFile; fileRef = 282746B2215B22C8009448E8 /* LaunchScreen.storyboard */; };
		282746BE215B2423009448E8 /* CWRefreshTableView.swift in Sources */ = {isa = PBXBuildFile; fileRef = 282746BD215B2423009448E8 /* CWRefreshTableView.swift */; };
		282E4004215C6FCE00039892 /* CWRefreshTable.m in Sources */ = {isa = PBXBuildFile; fileRef = 282E4003215C6FCE00039892 /* CWRefreshTable.m */; };
		28F4E0B5215E0CF300A95C65 /* OCViewController.m in Sources */ = {isa = PBXBuildFile; fileRef = 28F4E0B4215E0CF300A95C65 /* OCViewController.m */; };
		9BA955B11697EFB18433CDDA /* Pods_CWRefreshTableView.framework in Frameworks */ = {isa = PBXBuildFile; fileRef = 848EAF3281C264AFE73DE414 /* Pods_CWRefreshTableView.framework */; };
/* End PBXBuildFile section */

/* Begin PBXFileReference section */
		282746A6215B22C4009448E8 /* CWRefreshTableView.app */ = {isa = PBXFileReference; explicitFileType = wrapper.application; includeInIndex = 0; path = CWRefreshTableView.app; sourceTree = BUILT_PRODUCTS_DIR; };
		282746A9215B22C4009448E8 /* AppDelegate.swift */ = {isa = PBXFileReference; lastKnownFileType = sourcecode.swift; path = AppDelegate.swift; sourceTree = "<group>"; };
		282746AB215B22C4009448E8 /* ViewController.swift */ = {isa = PBXFileReference; lastKnownFileType = sourcecode.swift; path = ViewController.swift; sourceTree = "<group>"; };
		282746AE215B22C4009448E8 /* Base */ = {isa = PBXFileReference; lastKnownFileType = file.storyboard; name = Base; path = Base.lproj/Main.storyboard; sourceTree = "<group>"; };
		282746B0215B22C8009448E8 /* Assets.xcassets */ = {isa = PBXFileReference; lastKnownFileType = folder.assetcatalog; path = Assets.xcassets; sourceTree = "<group>"; };
		282746B3215B22C8009448E8 /* Base */ = {isa = PBXFileReference; lastKnownFileType = file.storyboard; name = Base; path = Base.lproj/LaunchScreen.storyboard; sourceTree = "<group>"; };
		282746B5215B22C8009448E8 /* Info.plist */ = {isa = PBXFileReference; lastKnownFileType = text.plist.xml; path = Info.plist; sourceTree = "<group>"; };
		282746BD215B2423009448E8 /* CWRefreshTableView.swift */ = {isa = PBXFileReference; lastKnownFileType = sourcecode.swift; path = CWRefreshTableView.swift; sourceTree = "<group>"; };
		282E4001215C6FCE00039892 /* CWRefreshTableView-Bridging-Header.h */ = {isa = PBXFileReference; lastKnownFileType = sourcecode.c.h; path = "CWRefreshTableView-Bridging-Header.h"; sourceTree = "<group>"; };
		282E4002215C6FCE00039892 /* CWRefreshTable.h */ = {isa = PBXFileReference; lastKnownFileType = sourcecode.c.h; path = CWRefreshTable.h; sourceTree = "<group>"; };
		282E4003215C6FCE00039892 /* CWRefreshTable.m */ = {isa = PBXFileReference; lastKnownFileType = sourcecode.c.objc; path = CWRefreshTable.m; sourceTree = "<group>"; };
		28F4E0B3215E0CF300A95C65 /* OCViewController.h */ = {isa = PBXFileReference; lastKnownFileType = sourcecode.c.h; path = OCViewController.h; sourceTree = "<group>"; };
		28F4E0B4215E0CF300A95C65 /* OCViewController.m */ = {isa = PBXFileReference; lastKnownFileType = sourcecode.c.objc; path = OCViewController.m; sourceTree = "<group>"; };
		76D0E6E8036489BBE69A9F2E /* Pods-CWRefreshTableView.release.xcconfig */ = {isa = PBXFileReference; includeInIndex = 1; lastKnownFileType = text.xcconfig; name = "Pods-CWRefreshTableView.release.xcconfig"; path = "Pods/Target Support Files/Pods-CWRefreshTableView/Pods-CWRefreshTableView.release.xcconfig"; sourceTree = "<group>"; };
		848EAF3281C264AFE73DE414 /* Pods_CWRefreshTableView.framework */ = {isa = PBXFileReference; explicitFileType = wrapper.framework; includeInIndex = 0; path = Pods_CWRefreshTableView.framework; sourceTree = BUILT_PRODUCTS_DIR; };
		C4804E86B8E216B59629E20E /* Pods-CWRefreshTableView.debug.xcconfig */ = {isa = PBXFileReference; includeInIndex = 1; lastKnownFileType = text.xcconfig; name = "Pods-CWRefreshTableView.debug.xcconfig"; path = "Pods/Target Support Files/Pods-CWRefreshTableView/Pods-CWRefreshTableView.debug.xcconfig"; sourceTree = "<group>"; };
/* End PBXFileReference section */

/* Begin PBXFrameworksBuildPhase section */
		282746A3215B22C4009448E8 /* Frameworks */ = {
			isa = PBXFrameworksBuildPhase;
			buildActionMask = 2147483647;
			files = (
				9BA955B11697EFB18433CDDA /* Pods_CWRefreshTableView.framework in Frameworks */,
			);
			runOnlyForDeploymentPostprocessing = 0;
		};
/* End PBXFrameworksBuildPhase section */

/* Begin PBXGroup section */
		2827469D215B22C3009448E8 = {
			isa = PBXGroup;
			children = (
				282746A8215B22C4009448E8 /* CWRefreshTableView */,
				282746A7215B22C4009448E8 /* Products */,
				C05332080DF51915CE8AF02C /* Pods */,
				8D69679C8A715A3B40992D32 /* Frameworks */,
			);
			sourceTree = "<group>";
		};
		282746A7215B22C4009448E8 /* Products */ = {
			isa = PBXGroup;
			children = (
				282746A6215B22C4009448E8 /* CWRefreshTableView.app */,
			);
			name = Products;
			sourceTree = "<group>";
		};
		282746A8215B22C4009448E8 /* CWRefreshTableView */ = {
			isa = PBXGroup;
			children = (
				282746A9215B22C4009448E8 /* AppDelegate.swift */,
				282746BB215B23C5009448E8 /* Code */,
				282746BC215B23CC009448E8 /* files */,
			);
			path = CWRefreshTableView;
			sourceTree = "<group>";
		};
		282746BB215B23C5009448E8 /* Code */ = {
			isa = PBXGroup;
			children = (
				282E4001215C6FCE00039892 /* CWRefreshTableView-Bridging-Header.h */,
				28F4E0B7215E1F3500A95C65 /* OC */,
				28F4E0B6215E1F2800A95C65 /* swift */,
			);
			path = Code;
			sourceTree = "<group>";
		};
		282746BC215B23CC009448E8 /* files */ = {
			isa = PBXGroup;
			children = (
				282746AD215B22C4009448E8 /* Main.storyboard */,
				282746B0215B22C8009448E8 /* Assets.xcassets */,
				282746B2215B22C8009448E8 /* LaunchScreen.storyboard */,
				282746B5215B22C8009448E8 /* Info.plist */,
			);
			path = files;
			sourceTree = "<group>";
		};
		28F4E0B6215E1F2800A95C65 /* swift */ = {
			isa = PBXGroup;
			children = (
				282746AB215B22C4009448E8 /* ViewController.swift */,
				282746BD215B2423009448E8 /* CWRefreshTableView.swift */,
			);
			path = swift;
			sourceTree = "<group>";
		};
		28F4E0B7215E1F3500A95C65 /* OC */ = {
			isa = PBXGroup;
			children = (
				28F4E0B3215E0CF300A95C65 /* OCViewController.h */,
				28F4E0B4215E0CF300A95C65 /* OCViewController.m */,
				282E4002215C6FCE00039892 /* CWRefreshTable.h */,
				282E4003215C6FCE00039892 /* CWRefreshTable.m */,
			);
			path = OC;
			sourceTree = "<group>";
		};
		8D69679C8A715A3B40992D32 /* Frameworks */ = {
			isa = PBXGroup;
			children = (
				848EAF3281C264AFE73DE414 /* Pods_CWRefreshTableView.framework */,
			);
			name = Frameworks;
			sourceTree = "<group>";
		};
		C05332080DF51915CE8AF02C /* Pods */ = {
			isa = PBXGroup;
			children = (
				C4804E86B8E216B59629E20E /* Pods-CWRefreshTableView.debug.xcconfig */,
				76D0E6E8036489BBE69A9F2E /* Pods-CWRefreshTableView.release.xcconfig */,
			);
			name = Pods;
			sourceTree = "<group>";
		};
/* End PBXGroup section */

/* Begin PBXNativeTarget section */
		282746A5215B22C4009448E8 /* CWRefreshTableView */ = {
			isa = PBXNativeTarget;
			buildConfigurationList = 282746B8215B22C8009448E8 /* Build configuration list for PBXNativeTarget "CWRefreshTableView" */;
			buildPhases = (
				9B482E9F1437E0AF690C24E8 /* [CP] Check Pods Manifest.lock */,
				282746A2215B22C4009448E8 /* Sources */,
				282746A3215B22C4009448E8 /* Frameworks */,
				282746A4215B22C4009448E8 /* Resources */,
				5935C6675D01A3B169661441 /* [CP] Embed Pods Frameworks */,
			);
			buildRules = (
			);
			dependencies = (
			);
			name = CWRefreshTableView;
			productName = CWRefreshTableView;
			productReference = 282746A6215B22C4009448E8 /* CWRefreshTableView.app */;
			productType = "com.apple.product-type.application";
		};
/* End PBXNativeTarget section */

/* Begin PBXProject section */
		2827469E215B22C3009448E8 /* Project object */ = {
			isa = PBXProject;
			attributes = {
				LastSwiftUpdateCheck = 1000;
				LastUpgradeCheck = 1000;
				ORGANIZATIONNAME = chenwang;
				TargetAttributes = {
					282746A5215B22C4009448E8 = {
						CreatedOnToolsVersion = 10.0;
						LastSwiftMigration = 1000;
					};
				};
			};
			buildConfigurationList = 282746A1215B22C3009448E8 /* Build configuration list for PBXProject "CWRefreshTableView" */;
			compatibilityVersion = "Xcode 9.3";
			developmentRegion = en;
			hasScannedForEncodings = 0;
			knownRegions = (
				en,
				Base,
			);
			mainGroup = 2827469D215B22C3009448E8;
			productRefGroup = 282746A7215B22C4009448E8 /* Products */;
			projectDirPath = "";
			projectRoot = "";
			targets = (
				282746A5215B22C4009448E8 /* CWRefreshTableView */,
			);
		};
/* End PBXProject section */

/* Begin PBXResourcesBuildPhase section */
		282746A4215B22C4009448E8 /* Resources */ = {
			isa = PBXResourcesBuildPhase;
			buildActionMask = 2147483647;
			files = (
				282746B4215B22C8009448E8 /* LaunchScreen.storyboard in Resources */,
				282746B1215B22C8009448E8 /* Assets.xcassets in Resources */,
				282746AF215B22C4009448E8 /* Main.storyboard in Resources */,
			);
			runOnlyForDeploymentPostprocessing = 0;
		};
/* End PBXResourcesBuildPhase section */

/* Begin PBXShellScriptBuildPhase section */
		5935C6675D01A3B169661441 /* [CP] Embed Pods Frameworks */ = {
			isa = PBXShellScriptBuildPhase;
			buildActionMask = 2147483647;
			files = (
			);
			inputPaths = (
				"${SRCROOT}/Pods/Target Support Files/Pods-CWRefreshTableView/Pods-CWRefreshTableView-frameworks.sh",
				"${BUILT_PRODUCTS_DIR}/MJRefresh/MJRefresh.framework",
			);
			name = "[CP] Embed Pods Frameworks";
			outputPaths = (
				"${TARGET_BUILD_DIR}/${FRAMEWORKS_FOLDER_PATH}/MJRefresh.framework",
			);
			runOnlyForDeploymentPostprocessing = 0;
			shellPath = /bin/sh;
			shellScript = "\"${SRCROOT}/Pods/Target Support Files/Pods-CWRefreshTableView/Pods-CWRefreshTableView-frameworks.sh\"\n";
			showEnvVarsInLog = 0;
		};
		9B482E9F1437E0AF690C24E8 /* [CP] Check Pods Manifest.lock */ = {
			isa = PBXShellScriptBuildPhase;
			buildActionMask = 2147483647;
			files = (
			);
			inputPaths = (
				"${PODS_PODFILE_DIR_PATH}/Podfile.lock",
				"${PODS_ROOT}/Manifest.lock",
			);
			name = "[CP] Check Pods Manifest.lock";
			outputPaths = (
				"$(DERIVED_FILE_DIR)/Pods-CWRefreshTableView-checkManifestLockResult.txt",
			);
			runOnlyForDeploymentPostprocessing = 0;
			shellPath = /bin/sh;
			shellScript = "diff \"${PODS_PODFILE_DIR_PATH}/Podfile.lock\" \"${PODS_ROOT}/Manifest.lock\" > /dev/null\nif [ $? != 0 ] ; then\n    # print error to STDERR\n    echo \"error: The sandbox is not in sync with the Podfile.lock. Run 'pod install' or update your CocoaPods installation.\" >&2\n    exit 1\nfi\n# This output is used by Xcode 'outputs' to avoid re-running this script phase.\necho \"SUCCESS\" > \"${SCRIPT_OUTPUT_FILE_0}\"\n";
			showEnvVarsInLog = 0;
		};
/* End PBXShellScriptBuildPhase section */

/* Begin PBXSourcesBuildPhase section */
		282746A2215B22C4009448E8 /* Sources */ = {
			isa = PBXSourcesBuildPhase;
			buildActionMask = 2147483647;
			files = (
				282E4004215C6FCE00039892 /* CWRefreshTable.m in Sources */,
				28F4E0B5215E0CF300A95C65 /* OCViewController.m in Sources */,
				282746AC215B22C4009448E8 /* ViewController.swift in Sources */,
				282746BE215B2423009448E8 /* CWRefreshTableView.swift in Sources */,
				282746AA215B22C4009448E8 /* AppDelegate.swift in Sources */,
			);
			runOnlyForDeploymentPostprocessing = 0;
		};
/* End PBXSourcesBuildPhase section */

/* Begin PBXVariantGroup section */
		282746AD215B22C4009448E8 /* Main.storyboard */ = {
			isa = PBXVariantGroup;
			children = (
				282746AE215B22C4009448E8 /* Base */,
			);
			name = Main.storyboard;
			sourceTree = "<group>";
		};
		282746B2215B22C8009448E8 /* LaunchScreen.storyboard */ = {
			isa = PBXVariantGroup;
			children = (
				282746B3215B22C8009448E8 /* Base */,
			);
			name = LaunchScreen.storyboard;
			sourceTree = "<group>";
		};
/* End PBXVariantGroup section */

/* Begin XCBuildConfiguration section */
		282746B6215B22C8009448E8 /* Debug */ = {
			isa = XCBuildConfiguration;
			buildSettings = {
				ALWAYS_SEARCH_USER_PATHS = NO;
				CLANG_ANALYZER_NONNULL = YES;
				CLANG_ANALYZER_NUMBER_OBJECT_CONVERSION = YES_AGGRESSIVE;
				CLANG_CXX_LANGUAGE_STANDARD = "gnu++14";
				CLANG_CXX_LIBRARY = "libc++";
				CLANG_ENABLE_MODULES = YES;
				CLANG_ENABLE_OBJC_ARC = YES;
				CLANG_ENABLE_OBJC_WEAK = YES;
				CLANG_WARN_BLOCK_CAPTURE_AUTORELEASING = YES;
				CLANG_WARN_BOOL_CONVERSION = YES;
				CLANG_WARN_COMMA = YES;
				CLANG_WARN_CONSTANT_CONVERSION = YES;
				CLANG_WARN_DEPRECATED_OBJC_IMPLEMENTATIONS = YES;
				CLANG_WARN_DIRECT_OBJC_ISA_USAGE = YES_ERROR;
				CLANG_WARN_DOCUMENTATION_COMMENTS = YES;
				CLANG_WARN_EMPTY_BODY = YES;
				CLANG_WARN_ENUM_CONVERSION = YES;
				CLANG_WARN_INFINITE_RECURSION = YES;
				CLANG_WARN_INT_CONVERSION = YES;
				CLANG_WARN_NON_LITERAL_NULL_CONVERSION = YES;
				CLANG_WARN_OBJC_IMPLICIT_RETAIN_SELF = YES;
				CLANG_WARN_OBJC_LITERAL_CONVERSION = YES;
				CLANG_WARN_OBJC_ROOT_CLASS = YES_ERROR;
				CLANG_WARN_RANGE_LOOP_ANALYSIS = YES;
				CLANG_WARN_STRICT_PROTOTYPES = YES;
				CLANG_WARN_SUSPICIOUS_MOVE = YES;
				CLANG_WARN_UNGUARDED_AVAILABILITY = YES_AGGRESSIVE;
				CLANG_WARN_UNREACHABLE_CODE = YES;
				CLANG_WARN__DUPLICATE_METHOD_MATCH = YES;
				CODE_SIGN_IDENTITY = "iPhone Developer";
				COPY_PHASE_STRIP = NO;
				DEBUG_INFORMATION_FORMAT = dwarf;
				ENABLE_STRICT_OBJC_MSGSEND = YES;
				ENABLE_TESTABILITY = YES;
				GCC_C_LANGUAGE_STANDARD = gnu11;
				GCC_DYNAMIC_NO_PIC = NO;
				GCC_NO_COMMON_BLOCKS = YES;
				GCC_OPTIMIZATION_LEVEL = 0;
				GCC_PREPROCESSOR_DEFINITIONS = (
					"DEBUG=1",
					"$(inherited)",
				);
				GCC_WARN_64_TO_32_BIT_CONVERSION = YES;
				GCC_WARN_ABOUT_RETURN_TYPE = YES_ERROR;
				GCC_WARN_UNDECLARED_SELECTOR = YES;
				GCC_WARN_UNINITIALIZED_AUTOS = YES_AGGRESSIVE;
				GCC_WARN_UNUSED_FUNCTION = YES;
				GCC_WARN_UNUSED_VARIABLE = YES;
				IPHONEOS_DEPLOYMENT_TARGET = 12.0;
				MTL_ENABLE_DEBUG_INFO = INCLUDE_SOURCE;
				MTL_FAST_MATH = YES;
				ONLY_ACTIVE_ARCH = YES;
				SDKROOT = iphoneos;
				SWIFT_ACTIVE_COMPILATION_CONDITIONS = DEBUG;
				SWIFT_OPTIMIZATION_LEVEL = "-Onone";
			};
			name = Debug;
		};
		282746B7215B22C8009448E8 /* Release */ = {
			isa = XCBuildConfiguration;
			buildSettings = {
				ALWAYS_SEARCH_USER_PATHS = NO;
				CLANG_ANALYZER_NONNULL = YES;
				CLANG_ANALYZER_NUMBER_OBJECT_CONVERSION = YES_AGGRESSIVE;
				CLANG_CXX_LANGUAGE_STANDARD = "gnu++14";
				CLANG_CXX_LIBRARY = "libc++";
				CLANG_ENABLE_MODULES = YES;
				CLANG_ENABLE_OBJC_ARC = YES;
				CLANG_ENABLE_OBJC_WEAK = YES;
				CLANG_WARN_BLOCK_CAPTURE_AUTORELEASING = YES;
				CLANG_WARN_BOOL_CONVERSION = YES;
				CLANG_WARN_COMMA = YES;
				CLANG_WARN_CONSTANT_CONVERSION = YES;
				CLANG_WARN_DEPRECATED_OBJC_IMPLEMENTATIONS = YES;
				CLANG_WARN_DIRECT_OBJC_ISA_USAGE = YES_ERROR;
				CLANG_WARN_DOCUMENTATION_COMMENTS = YES;
				CLANG_WARN_EMPTY_BODY = YES;
				CLANG_WARN_ENUM_CONVERSION = YES;
				CLANG_WARN_INFINITE_RECURSION = YES;
				CLANG_WARN_INT_CONVERSION = YES;
				CLANG_WARN_NON_LITERAL_NULL_CONVERSION = YES;
				CLANG_WARN_OBJC_IMPLICIT_RETAIN_SELF = YES;
				CLANG_WARN_OBJC_LITERAL_CONVERSION = YES;
				CLANG_WARN_OBJC_ROOT_CLASS = YES_ERROR;
				CLANG_WARN_RANGE_LOOP_ANALYSIS = YES;
				CLANG_WARN_STRICT_PROTOTYPES = YES;
				CLANG_WARN_SUSPICIOUS_MOVE = YES;
				CLANG_WARN_UNGUARDED_AVAILABILITY = YES_AGGRESSIVE;
				CLANG_WARN_UNREACHABLE_CODE = YES;
				CLANG_WARN__DUPLICATE_METHOD_MATCH = YES;
				CODE_SIGN_IDENTITY = "iPhone Developer";
				COPY_PHASE_STRIP = NO;
				DEBUG_INFORMATION_FORMAT = "dwarf-with-dsym";
				ENABLE_NS_ASSERTIONS = NO;
				ENABLE_STRICT_OBJC_MSGSEND = YES;
				GCC_C_LANGUAGE_STANDARD = gnu11;
				GCC_NO_COMMON_BLOCKS = YES;
				GCC_WARN_64_TO_32_BIT_CONVERSION = YES;
				GCC_WARN_ABOUT_RETURN_TYPE = YES_ERROR;
				GCC_WARN_UNDECLARED_SELECTOR = YES;
				GCC_WARN_UNINITIALIZED_AUTOS = YES_AGGRESSIVE;
				GCC_WARN_UNUSED_FUNCTION = YES;
				GCC_WARN_UNUSED_VARIABLE = YES;
				IPHONEOS_DEPLOYMENT_TARGET = 12.0;
				MTL_ENABLE_DEBUG_INFO = NO;
				MTL_FAST_MATH = YES;
				SDKROOT = iphoneos;
				SWIFT_COMPILATION_MODE = wholemodule;
				SWIFT_OPTIMIZATION_LEVEL = "-O";
				VALIDATE_PRODUCT = YES;
			};
			name = Release;
		};
		282746B9215B22C8009448E8 /* Debug */ = {
			isa = XCBuildConfiguration;
			baseConfigurationReference = C4804E86B8E216B59629E20E /* Pods-CWRefreshTableView.debug.xcconfig */;
			buildSettings = {
				ASSETCATALOG_COMPILER_APPICON_NAME = AppIcon;
				CLANG_ENABLE_MODULES = YES;
				CODE_SIGN_STYLE = Automatic;
				INFOPLIST_FILE = "$(SRCROOT)/CWRefreshTableView/files/Info.plist";
				IPHONEOS_DEPLOYMENT_TARGET = 9.0;
				LD_RUNPATH_SEARCH_PATHS = (
					"$(inherited)",
					"@executable_path/Frameworks",
				);
				PRODUCT_BUNDLE_IDENTIFIER = com.chenwang.CWRefreshTableView;
				PRODUCT_NAME = "$(TARGET_NAME)";
				SWIFT_OBJC_BRIDGING_HEADER = "CWRefreshTableView/Code/CWRefreshTableView-Bridging-Header.h";
				SWIFT_OPTIMIZATION_LEVEL = "-Onone";
				SWIFT_VERSION = 4.2;
				TARGETED_DEVICE_FAMILY = "1,2";
			};
			name = Debug;
		};
		282746BA215B22C8009448E8 /* Release */ = {
			isa = XCBuildConfiguration;
			baseConfigurationReference = 76D0E6E8036489BBE69A9F2E /* Pods-CWRefreshTableView.release.xcconfig */;
			buildSettings = {
				ASSETCATALOG_COMPILER_APPICON_NAME = AppIcon;
				CLANG_ENABLE_MODULES = YES;
				CODE_SIGN_STYLE = Automatic;
				INFOPLIST_FILE = "$(SRCROOT)/CWRefreshTableView/files/Info.plist";
				IPHONEOS_DEPLOYMENT_TARGET = 9.0;
				LD_RUNPATH_SEARCH_PATHS = (
					"$(inherited)",
					"@executable_path/Frameworks",
				);
				PRODUCT_BUNDLE_IDENTIFIER = com.chenwang.CWRefreshTableView;
				PRODUCT_NAME = "$(TARGET_NAME)";
				SWIFT_OBJC_BRIDGING_HEADER = "CWRefreshTableView/Code/CWRefreshTableView-Bridging-Header.h";
				SWIFT_VERSION = 4.2;
				TARGETED_DEVICE_FAMILY = "1,2";
			};
			name = Release;
		};
/* End XCBuildConfiguration section */

/* Begin XCConfigurationList section */
		282746A1215B22C3009448E8 /* Build configuration list for PBXProject "CWRefreshTableView" */ = {
			isa = XCConfigurationList;
			buildConfigurations = (
				282746B6215B22C8009448E8 /* Debug */,
				282746B7215B22C8009448E8 /* Release */,
			);
			defaultConfigurationIsVisible = 0;
			defaultConfigurationName = Release;
		};
		282746B8215B22C8009448E8 /* Build configuration list for PBXNativeTarget "CWRefreshTableView" */ = {
			isa = XCConfigurationList;
			buildConfigurations = (
				282746B9215B22C8009448E8 /* Debug */,
				282746BA215B22C8009448E8 /* Release */,
			);
			defaultConfigurationIsVisible = 0;
			defaultConfigurationName = Release;
		};
/* End XCConfigurationList section */
	};
	rootObject = 2827469E215B22C3009448E8 /* Project object */;
}
